
Microsoft Visual Studio Solution File, Format Version 12.00
# Visual Studio 15
VisualStudioVersion = 15.0.28307.757
MinimumVisualStudioVersion = 10.0.40219.1
Project("{9A19103F-16F7-4668-BE54-9A1E7A4F7556}") = "HelloHiApi", "HelloHiApi\HelloHiApi.csproj", "{BC61AC8F-59B3-4452-803B-FC198708A801}"
EndProject
Project("{9A19103F-16F7-4668-BE54-9A1E7A4F7556}") = "HelloHiApi.Test", "HelloHiApi.Test\HelloHiApi.Test.csproj", "{AC8FE316-35BB-4AE4-B7DA-297F6A172CED}"
EndProject
Project("{E53339B2-1760-4266-BCC7-CA923CBCF16C}") = "docker-compose", "docker-compose.dcproj", "{9287E602-4A57-438B-958A-0D537A2F2682}"
EndProject
Global
	GlobalSection(SolutionConfigurationPlatforms) = preSolution
		Debug|Any CPU = Debug|Any CPU
		Release|Any CPU = Release|Any CPU
	EndGlobalSection
	GlobalSection(ProjectConfigurationPlatforms) = postSolution
		{BC61AC8F-59B3-4452-803B-FC198708A801}.Debug|Any CPU.ActiveCfg = Debug|Any CPU
		{BC61AC8F-59B3-4452-803B-FC198708A801}.Debug|Any CPU.Build.0 = Debug|Any CPU
		{BC61AC8F-59B3-4452-803B-FC198708A801}.Release|Any CPU.ActiveCfg = Release|Any CPU
		{BC61AC8F-59B3-4452-803B-FC198708A801}.Release|Any CPU.Build.0 = Release|Any CPU
		{AC8FE316-35BB-4AE4-B7DA-297F6A172CED}.Debug|Any CPU.ActiveCfg = Debug|Any CPU
		{AC8FE316-35BB-4AE4-B7DA-297F6A172CED}.Debug|Any CPU.Build.0 = Debug|Any CPU
		{AC8FE316-35BB-4AE4-B7DA-297F6A172CED}.Release|Any CPU.ActiveCfg = Release|Any CPU
		{AC8FE316-35BB-4AE4-B7DA-297F6A172CED}.Release|Any CPU.Build.0 = Release|Any CPU
		{9287E602-4A57-438B-958A-0D537A2F2682}.Debug|Any CPU.ActiveCfg = Debug|Any CPU
		{9287E602-4A57-438B-958A-0D537A2F2682}.Debug|Any CPU.Build.0 = Debug|Any CPU
		{9287E602-4A57-438B-958A-0D537A2F2682}.Release|Any CPU.ActiveCfg = Release|Any CPU
		{9287E602-4A57-438B-958A-0D537A2F2682}.Release|Any CPU.Build.0 = Release|Any CPU
	EndGlobalSection
	GlobalSection(SolutionProperties) = preSolution
		HideSolutionNode = FALSE
	EndGlobalSection
	GlobalSection(ExtensibilityGlobals) = postSolution
		SolutionGuid = {18599A44-764A-4123-887D-2BD5831CC78B}
	EndGlobalSection
EndGlobal
